{
  "name": "jiggaaut-rpg-client",
  "version": "1.0.0",
  "lockfileVersion": 1,
  "requires": true,
  "dependencies": {
    "@types/ragemp-c": {
      "version": "https://github.com/CocaColaBear/types-ragemp-c/tarball/master",
      "integrity": "sha512-WGciZkUrhzo+kYgjbqGrfGfumSOmzRKH+/PDIcdK9GJK6enDFrBnS81p6kBGA2C1rr7ah09GE7q4Uv63M3y8Pg==",
      "dev": true
    }
  }
}
